
Microsoft Visual Studio Solution File, Format Version 12.00
# Visual Studio Version 17
VisualStudioVersion = 17.12.35527.113
MinimumVisualStudioVersion = 10.0.40219.1
Project("{8BC9CEB8-8B4A-11D0-8D11-00A0C91BC942}") = "gbstudy", "gbstudy\gbstudy.vcxproj", "{E9A6C70A-4981-42AE-A40B-B39635D237A7}"
EndProject
Project("{8BC9CEB8-8B4A-11D0-8D11-00A0C91BC942}") = "UnitTest", "UnitTest\UnitTest.vcxproj", "{F410C309-280E-472D-8591-79C94293B851}"
EndProject
Project("{8BC9CEB8-8B4A-11D0-8D11-00A0C91BC942}") = "gbstudy_lib", "gbstudy_lib\gbstudy_lib.vcxproj", "{E8B84D7D-9F8E-4761-AA5E-743D77298CA1}"
EndProject
Project("{8BC9CEB8-8B4A-11D0-8D11-00A0C91BC942}") = "Project1", "Project1\Project1.vcxproj", "{5157F933-770D-4D8B-A135-4D547C0C7163}"
EndProject
Global
	GlobalSection(SolutionConfigurationPlatforms) = preSolution
		Debug|x64 = Debug|x64
		Debug|x86 = Debug|x86
		Release|x64 = Release|x64
		Release|x86 = Release|x86
	EndGlobalSection
	GlobalSection(ProjectConfigurationPlatforms) = postSolution
		{E9A6C70A-4981-42AE-A40B-B39635D237A7}.Debug|x64.ActiveCfg = Debug|x64
		{E9A6C70A-4981-42AE-A40B-B39635D237A7}.Debug|x64.Build.0 = Debug|x64
		{E9A6C70A-4981-42AE-A40B-B39635D237A7}.Debug|x86.ActiveCfg = Debug|Win32
		{E9A6C70A-4981-42AE-A40B-B39635D237A7}.Debug|x86.Build.0 = Debug|Win32
		{E9A6C70A-4981-42AE-A40B-B39635D237A7}.Release|x64.ActiveCfg = Release|x64
		{E9A6C70A-4981-42AE-A40B-B39635D237A7}.Release|x64.Build.0 = Release|x64
		{E9A6C70A-4981-42AE-A40B-B39635D237A7}.Release|x86.ActiveCfg = Release|Win32
		{E9A6C70A-4981-42AE-A40B-B39635D237A7}.Release|x86.Build.0 = Release|Win32
		{F410C309-280E-472D-8591-79C94293B851}.Debug|x64.ActiveCfg = Debug|x64
		{F410C309-280E-472D-8591-79C94293B851}.Debug|x64.Build.0 = Debug|x64
		{F410C309-280E-472D-8591-79C94293B851}.Debug|x86.ActiveCfg = Debug|Win32
		{F410C309-280E-472D-8591-79C94293B851}.Debug|x86.Build.0 = Debug|Win32
		{F410C309-280E-472D-8591-79C94293B851}.Release|x64.ActiveCfg = Release|x64
		{F410C309-280E-472D-8591-79C94293B851}.Release|x64.Build.0 = Release|x64
		{F410C309-280E-472D-8591-79C94293B851}.Release|x86.ActiveCfg = Release|Win32
		{F410C309-280E-472D-8591-79C94293B851}.Release|x86.Build.0 = Release|Win32
		{E8B84D7D-9F8E-4761-AA5E-743D77298CA1}.Debug|x64.ActiveCfg = Debug|x64
		{E8B84D7D-9F8E-4761-AA5E-743D77298CA1}.Debug|x64.Build.0 = Debug|x64
		{E8B84D7D-9F8E-4761-AA5E-743D77298CA1}.Debug|x86.ActiveCfg = Debug|Win32
		{E8B84D7D-9F8E-4761-AA5E-743D77298CA1}.Debug|x86.Build.0 = Debug|Win32
		{E8B84D7D-9F8E-4761-AA5E-743D77298CA1}.Release|x64.ActiveCfg = Release|x64
		{E8B84D7D-9F8E-4761-AA5E-743D77298CA1}.Release|x64.Build.0 = Release|x64
		{E8B84D7D-9F8E-4761-AA5E-743D77298CA1}.Release|x86.ActiveCfg = Release|Win32
		{E8B84D7D-9F8E-4761-AA5E-743D77298CA1}.Release|x86.Build.0 = Release|Win32
		{5157F933-770D-4D8B-A135-4D547C0C7163}.Debug|x64.ActiveCfg = Debug|x64
		{5157F933-770D-4D8B-A135-4D547C0C7163}.Debug|x64.Build.0 = Debug|x64
		{5157F933-770D-4D8B-A135-4D547C0C7163}.Debug|x86.ActiveCfg = Debug|Win32
		{5157F933-770D-4D8B-A135-4D547C0C7163}.Debug|x86.Build.0 = Debug|Win32
		{5157F933-770D-4D8B-A135-4D547C0C7163}.Release|x64.ActiveCfg = Release|x64
		{5157F933-770D-4D8B-A135-4D547C0C7163}.Release|x64.Build.0 = Release|x64
		{5157F933-770D-4D8B-A135-4D547C0C7163}.Release|x86.ActiveCfg = Release|Win32
		{5157F933-770D-4D8B-A135-4D547C0C7163}.Release|x86.Build.0 = Release|Win32
	EndGlobalSection
	GlobalSection(SolutionProperties) = preSolution
		HideSolutionNode = FALSE
	EndGlobalSection
EndGlobal
